# This file is autogenerated, do not edit; changes may be undone by the next 'dep ensure'.


[[projects]]
  branch = "master"
  name = "code.cloudfoundry.org/go-diodes"
  packages = ["."]
  revision = "361f4b34988b402fbf4d5b744cc9b35959c2ac4e"

[[projects]]
  branch = "master"
  name = "github.com/rs/zerolog"
  packages = [
    ".",
    "diode",
    "internal/json"
  ]
  revision = "8c1c6a0cd7c081326ce0743ea905b1d85a89e63d"

[[projects]]
  name = "github.com/vmihailenco/msgpack"
  packages = [
    ".",
    "codes"
  ]
  revision = "23cae422f313681a73e1be5f77038d6a33dcfad6"

[solve-meta]
  analyzer-name = "dep"
  analyzer-version = 1
  inputs-digest = "2dc3166e2be5ca7a58b84e2076302fba5a6ab84257e2f011dc0d6ba490586d28"
  solver-name = "gps-cdcl"
  solver-version = 1
